// !$*UTF8*$!
{
	archiveVersion = 1;
	classes = {
	};
	objectVersion = 56;
	objects = {

/* Begin PBXBuildFile section */
		56434B302921428E0063AEF5 /* blendyApp.swift in Sources */ = {isa = PBXBuildFile; fileRef = 56434B2F2921428E0063AEF5 /* blendyApp.swift */; };
		56434B322921428E0063AEF5 /* ContentView.swift in Sources */ = {isa = PBXBuildFile; fileRef = 56434B312921428E0063AEF5 /* ContentView.swift */; };
		56434B342921428F0063AEF5 /* Assets.xcassets in Resources */ = {isa = PBXBuildFile; fileRef = 56434B332921428F0063AEF5 /* Assets.xcassets */; };
		56434B372921428F0063AEF5 /* Preview Assets.xcassets in Resources */ = {isa = PBXBuildFile; fileRef = 56434B362921428F0063AEF5 /* Preview Assets.xcassets */; };
		56434B412921428F0063AEF5 /* blendyTests.swift in Sources */ = {isa = PBXBuildFile; fileRef = 56434B402921428F0063AEF5 /* blendyTests.swift */; };
		56434B4B2921428F0063AEF5 /* blendyUITests.swift in Sources */ = {isa = PBXBuildFile; fileRef = 56434B4A2921428F0063AEF5 /* blendyUITests.swift */; };
		56434B4D2921428F0063AEF5 /* blendyUITestsLaunchTests.swift in Sources */ = {isa = PBXBuildFile; fileRef = 56434B4C2921428F0063AEF5 /* blendyUITestsLaunchTests.swift */; };
/* End PBXBuildFile section */

/* Begin PBXContainerItemProxy section */
		56434B3D2921428F0063AEF5 /* PBXContainerItemProxy */ = {
			isa = PBXContainerItemProxy;
			containerPortal = 56434B242921428E0063AEF5 /* Project object */;
			proxyType = 1;
			remoteGlobalIDString = 56434B2B2921428E0063AEF5;
			remoteInfo = blendy;
		};
		56434B472921428F0063AEF5 /* PBXContainerItemProxy */ = {
			isa = PBXContainerItemProxy;
			containerPortal = 56434B242921428E0063AEF5 /* Project object */;
			proxyType = 1;
			remoteGlobalIDString = 56434B2B2921428E0063AEF5;
			remoteInfo = blendy;
		};
/* End PBXContainerItemProxy section */

/* Begin PBXFileReference section */
		56434B2C2921428E0063AEF5 /* blendy.app */ = {isa = PBXFileReference; explicitFileType = wrapper.application; includeInIndex = 0; path = blendy.app; sourceTree = BUILT_PRODUCTS_DIR; };
		56434B2F2921428E0063AEF5 /* blendyApp.swift */ = {isa = PBXFileReference; lastKnownFileType = sourcecode.swift; path = blendyApp.swift; sourceTree = "<group>"; };
		56434B312921428E0063AEF5 /* ContentView.swift */ = {isa = PBXFileReference; lastKnownFileType = sourcecode.swift; path = ContentView.swift; sourceTree = "<group>"; };
		56434B332921428F0063AEF5 /* Assets.xcassets */ = {isa = PBXFileReference; lastKnownFileType = folder.assetcatalog; path = Assets.xcassets; sourceTree = "<group>"; };
		56434B362921428F0063AEF5 /* Preview Assets.xcassets */ = {isa = PBXFileReference; lastKnownFileType = folder.assetcatalog; path = "Preview Assets.xcassets"; sourceTree = "<group>"; };
		56434B3C2921428F0063AEF5 /* blendyTests.xctest */ = {isa = PBXFileReference; explicitFileType = wrapper.cfbundle; includeInIndex = 0; path = blendyTests.xctest; sourceTree = BUILT_PRODUCTS_DIR; };
		56434B402921428F0063AEF5 /* blendyTests.swift */ = {isa = PBXFileReference; lastKnownFileType = sourcecode.swift; path = blendyTests.swift; sourceTree = "<group>"; };
		56434B462921428F0063AEF5 /* blendyUITests.xctest */ = {isa = PBXFileReference; explicitFileType = wrapper.cfbundle; includeInIndex = 0; path = blendyUITests.xctest; sourceTree = BUILT_PRODUCTS_DIR; };
		56434B4A2921428F0063AEF5 /* blendyUITests.swift */ = {isa = PBXFileReference; lastKnownFileType = sourcecode.swift; path = blendyUITests.swift; sourceTree = "<group>"; };
		56434B4C2921428F0063AEF5 /* blendyUITestsLaunchTests.swift */ = {isa = PBXFileReference; lastKnownFileType = sourcecode.swift; path = blendyUITestsLaunchTests.swift; sourceTree = "<group>"; };
/* End PBXFileReference section */

/* Begin PBXFrameworksBuildPhase section */
		56434B292921428E0063AEF5 /* Frameworks */ = {
			isa = PBXFrameworksBuildPhase;
			buildActionMask = 2147483647;
			files = (
			);
			runOnlyForDeploymentPostprocessing = 0;
		};
		56434B392921428F0063AEF5 /* Frameworks */ = {
			isa = PBXFrameworksBuildPhase;
			buildActionMask = 2147483647;
			files = (
			);
			runOnlyForDeploymentPostprocessing = 0;
		};
		56434B432921428F0063AEF5 /* Frameworks */ = {
			isa = PBXFrameworksBuildPhase;
			buildActionMask = 2147483647;
			files = (
			);
			runOnlyForDeploymentPostprocessing = 0;
		};
/* End PBXFrameworksBuildPhase section */

/* Begin PBXGroup section */
		56434B232921428E0063AEF5 = {
			isa = PBXGroup;
			children = (
				56434B2E2921428E0063AEF5 /* blendy */,
				56434B3F2921428F0063AEF5 /* blendyTests */,
				56434B492921428F0063AEF5 /* blendyUITests */,
				56434B2D2921428E0063AEF5 /* Products */,
			);
			sourceTree = "<group>";
		};
		56434B2D2921428E0063AEF5 /* Products */ = {
			isa = PBXGroup;
			children = (
				56434B2C2921428E0063AEF5 /* blendy.app */,
				56434B3C2921428F0063AEF5 /* blendyTests.xctest */,
				56434B462921428F0063AEF5 /* blendyUITests.xctest */,
			);
			name = Products;
			sourceTree = "<group>";
		};
		56434B2E2921428E0063AEF5 /* blendy */ = {
			isa = PBXGroup;
			children = (
				56434B2F2921428E0063AEF5 /* blendyApp.swift */,
				56434B312921428E0063AEF5 /* ContentView.swift */,
				56434B332921428F0063AEF5 /* Assets.xcassets */,
				56434B352921428F0063AEF5 /* Preview Content */,
			);
			path = blendy;
			sourceTree = "<group>";
		};
		56434B352921428F0063AEF5 /* Preview Content */ = {
			isa = PBXGroup;
			children = (
				56434B362921428F0063AEF5 /* Preview Assets.xcassets */,
			);
			path = "Preview Content";
			sourceTree = "<group>";
		};
		56434B3F2921428F0063AEF5 /* blendyTests */ = {
			isa = PBXGroup;
			children = (
				56434B402921428F0063AEF5 /* blendyTests.swift */,
			);
			path = blendyTests;
			sourceTree = "<group>";
		};
		56434B492921428F0063AEF5 /* blendyUITests */ = {
			isa = PBXGroup;
			children = (
				56434B4A2921428F0063AEF5 /* blendyUITests.swift */,
				56434B4C2921428F0063AEF5 /* blendyUITestsLaunchTests.swift */,
			);
			path = blendyUITests;
			sourceTree = "<group>";
		};
/* End PBXGroup section */

/* Begin PBXNativeTarget section */
		56434B2B2921428E0063AEF5 /* blendy */ = {
			isa = PBXNativeTarget;
			buildConfigurationList = 56434B502921428F0063AEF5 /* Build configuration list for PBXNativeTarget "blendy" */;
			buildPhases = (
				56434B282921428E0063AEF5 /* Sources */,
				56434B292921428E0063AEF5 /* Frameworks */,
				56434B2A2921428E0063AEF5 /* Resources */,
			);
			buildRules = (
			);
			dependencies = (
			);
			name = blendy;
			productName = blendy;
			productReference = 56434B2C2921428E0063AEF5 /* blendy.app */;
			productType = "com.apple.product-type.application";
		};
		56434B3B2921428F0063AEF5 /* blendyTests */ = {
			isa = PBXNativeTarget;
			buildConfigurationList = 56434B532921428F0063AEF5 /* Build configuration list for PBXNativeTarget "blendyTests" */;
			buildPhases = (
				56434B382921428F0063AEF5 /* Sources */,
				56434B392921428F0063AEF5 /* Frameworks */,
				56434B3A2921428F0063AEF5 /* Resources */,
			);
			buildRules = (
			);
			dependencies = (
				56434B3E2921428F0063AEF5 /* PBXTargetDependency */,
			);
			name = blendyTests;
			productName = blendyTests;
			productReference = 56434B3C2921428F0063AEF5 /* blendyTests.xctest */;
			productType = "com.apple.product-type.bundle.unit-test";
		};
		56434B452921428F0063AEF5 /* blendyUITests */ = {
			isa = PBXNativeTarget;
			buildConfigurationList = 56434B562921428F0063AEF5 /* Build configuration list for PBXNativeTarget "blendyUITests" */;
			buildPhases = (
				56434B422921428F0063AEF5 /* Sources */,
				56434B432921428F0063AEF5 /* Frameworks */,
				56434B442921428F0063AEF5 /* Resources */,
			);
			buildRules = (
			);
			dependencies = (
				56434B482921428F0063AEF5 /* PBXTargetDependency */,
			);
			name = blendyUITests;
			productName = blendyUITests;
			productReference = 56434B462921428F0063AEF5 /* blendyUITests.xctest */;
			productType = "com.apple.product-type.bundle.ui-testing";
		};
/* End PBXNativeTarget section */

/* Begin PBXProject section */
		56434B242921428E0063AEF5 /* Project object */ = {
			isa = PBXProject;
			attributes = {
				BuildIndependentTargetsInParallel = 1;
				LastSwiftUpdateCheck = 1410;
				LastUpgradeCheck = 1410;
				TargetAttributes = {
					56434B2B2921428E0063AEF5 = {
						CreatedOnToolsVersion = 14.1;
					};
					56434B3B2921428F0063AEF5 = {
						CreatedOnToolsVersion = 14.1;
						TestTargetID = 56434B2B2921428E0063AEF5;
					};
					56434B452921428F0063AEF5 = {
						CreatedOnToolsVersion = 14.1;
						TestTargetID = 56434B2B2921428E0063AEF5;
					};
				};
			};
			buildConfigurationList = 56434B272921428E0063AEF5 /* Build configuration list for PBXProject "blendy" */;
			compatibilityVersion = "Xcode 14.0";
			developmentRegion = en;
			hasScannedForEncodings = 0;
			knownRegions = (
				en,
				Base,
			);
			mainGroup = 56434B232921428E0063AEF5;
			productRefGroup = 56434B2D2921428E0063AEF5 /* Products */;
			projectDirPath = "";
			projectRoot = "";
			targets = (
				56434B2B2921428E0063AEF5 /* blendy */,
				56434B3B2921428F0063AEF5 /* blendyTests */,
				56434B452921428F0063AEF5 /* blendyUITests */,
			);
		};
/* End PBXProject section */

/* Begin PBXResourcesBuildPhase section */
		56434B2A2921428E0063AEF5 /* Resources */ = {
			isa = PBXResourcesBuildPhase;
			buildActionMask = 2147483647;
			files = (
				56434B372921428F0063AEF5 /* Preview Assets.xcassets in Resources */,
				56434B342921428F0063AEF5 /* Assets.xcassets in Resources */,
			);
			runOnlyForDeploymentPostprocessing = 0;
		};
		56434B3A2921428F0063AEF5 /* Resources */ = {
			isa = PBXResourcesBuildPhase;
			buildActionMask = 2147483647;
			files = (
			);
			runOnlyForDeploymentPostprocessing = 0;
		};
		56434B442921428F0063AEF5 /* Resources */ = {
			isa = PBXResourcesBuildPhase;
			buildActionMask = 2147483647;
			files = (
			);
			runOnlyForDeploymentPostprocessing = 0;
		};
/* End PBXResourcesBuildPhase section */

/* Begin PBXSourcesBuildPhase section */
		56434B282921428E0063AEF5 /* Sources */ = {
			isa = PBXSourcesBuildPhase;
			buildActionMask = 2147483647;
			files = (
				56434B322921428E0063AEF5 /* ContentView.swift in Sources */,
				56434B302921428E0063AEF5 /* blendyApp.swift in Sources */,
			);
			runOnlyForDeploymentPostprocessing = 0;
		};
		56434B382921428F0063AEF5 /* Sources */ = {
			isa = PBXSourcesBuildPhase;
			buildActionMask = 2147483647;
			files = (
				56434B412921428F0063AEF5 /* blendyTests.swift in Sources */,
			);
			runOnlyForDeploymentPostprocessing = 0;
		};
		56434B422921428F0063AEF5 /* Sources */ = {
			isa = PBXSourcesBuildPhase;
			buildActionMask = 2147483647;
			files = (
				56434B4D2921428F0063AEF5 /* blendyUITestsLaunchTests.swift in Sources */,
				56434B4B2921428F0063AEF5 /* blendyUITests.swift in Sources */,
			);
			runOnlyForDeploymentPostprocessing = 0;
		};
/* End PBXSourcesBuildPhase section */

/* Begin PBXTargetDependency section */
		56434B3E2921428F0063AEF5 /* PBXTargetDependency */ = {
			isa = PBXTargetDependency;
			target = 56434B2B2921428E0063AEF5 /* blendy */;
			targetProxy = 56434B3D2921428F0063AEF5 /* PBXContainerItemProxy */;
		};
		56434B482921428F0063AEF5 /* PBXTargetDependency */ = {
			isa = PBXTargetDependency;
			target = 56434B2B2921428E0063AEF5 /* blendy */;
			targetProxy = 56434B472921428F0063AEF5 /* PBXContainerItemProxy */;
		};
/* End PBXTargetDependency section */

/* Begin XCBuildConfiguration section */
		56434B4E2921428F0063AEF5 /* Debug */ = {
			isa = XCBuildConfiguration;
			buildSettings = {
				ALWAYS_SEARCH_USER_PATHS = NO;
				CLANG_ANALYZER_NONNULL = YES;
				CLANG_ANALYZER_NUMBER_OBJECT_CONVERSION = YES_AGGRESSIVE;
				CLANG_CXX_LANGUAGE_STANDARD = "gnu++20";
				CLANG_ENABLE_MODULES = YES;
				CLANG_ENABLE_OBJC_ARC = YES;
				CLANG_ENABLE_OBJC_WEAK = YES;
				CLANG_WARN_BLOCK_CAPTURE_AUTORELEASING = YES;
				CLANG_WARN_BOOL_CONVERSION = YES;
				CLANG_WARN_COMMA = YES;
				CLANG_WARN_CONSTANT_CONVERSION = YES;
				CLANG_WARN_DEPRECATED_OBJC_IMPLEMENTATIONS = YES;
				CLANG_WARN_DIRECT_OBJC_ISA_USAGE = YES_ERROR;
				CLANG_WARN_DOCUMENTATION_COMMENTS = YES;
				CLANG_WARN_EMPTY_BODY = YES;
				CLANG_WARN_ENUM_CONVERSION = YES;
				CLANG_WARN_INFINITE_RECURSION = YES;
				CLANG_WARN_INT_CONVERSION = YES;
				CLANG_WARN_NON_LITERAL_NULL_CONVERSION = YES;
				CLANG_WARN_OBJC_IMPLICIT_RETAIN_SELF = YES;
				CLANG_WARN_OBJC_LITERAL_CONVERSION = YES;
				CLANG_WARN_OBJC_ROOT_CLASS = YES_ERROR;
				CLANG_WARN_QUOTED_INCLUDE_IN_FRAMEWORK_HEADER = YES;
				CLANG_WARN_RANGE_LOOP_ANALYSIS = YES;
				CLANG_WARN_STRICT_PROTOTYPES = YES;
				CLANG_WARN_SUSPICIOUS_MOVE = YES;
				CLANG_WARN_UNGUARDED_AVAILABILITY = YES_AGGRESSIVE;
				CLANG_WARN_UNREACHABLE_CODE = YES;
				CLANG_WARN__DUPLICATE_METHOD_MATCH = YES;
				COPY_PHASE_STRIP = NO;
				DEBUG_INFORMATION_FORMAT = dwarf;
				ENABLE_STRICT_OBJC_MSGSEND = YES;
				ENABLE_TESTABILITY = YES;
				GCC_C_LANGUAGE_STANDARD = gnu11;
				GCC_DYNAMIC_NO_PIC = NO;
				GCC_NO_COMMON_BLOCKS = YES;
				GCC_OPTIMIZATION_LEVEL = 0;
				GCC_PREPROCESSOR_DEFINITIONS = (
					"DEBUG=1",
					"$(inherited)",
				);
				GCC_WARN_64_TO_32_BIT_CONVERSION = YES;
				GCC_WARN_ABOUT_RETURN_TYPE = YES_ERROR;
				GCC_WARN_UNDECLARED_SELECTOR = YES;
				GCC_WARN_UNINITIALIZED_AUTOS = YES_AGGRESSIVE;
				GCC_WARN_UNUSED_FUNCTION = YES;
				GCC_WARN_UNUSED_VARIABLE = YES;
				IPHONEOS_DEPLOYMENT_TARGET = 16.1;
				MTL_ENABLE_DEBUG_INFO = INCLUDE_SOURCE;
				MTL_FAST_MATH = YES;
				ONLY_ACTIVE_ARCH = YES;
				SDKROOT = iphoneos;
				SWIFT_ACTIVE_COMPILATION_CONDITIONS = DEBUG;
				SWIFT_OPTIMIZATION_LEVEL = "-Onone";
			};
			name = Debug;
		};
		56434B4F2921428F0063AEF5 /* Release */ = {
			isa = XCBuildConfiguration;
			buildSettings = {
				ALWAYS_SEARCH_USER_PATHS = NO;
				CLANG_ANALYZER_NONNULL = YES;
				CLANG_ANALYZER_NUMBER_OBJECT_CONVERSION = YES_AGGRESSIVE;
				CLANG_CXX_LANGUAGE_STANDARD = "gnu++20";
				CLANG_ENABLE_MODULES = YES;
				CLANG_ENABLE_OBJC_ARC = YES;
				CLANG_ENABLE_OBJC_WEAK = YES;
				CLANG_WARN_BLOCK_CAPTURE_AUTORELEASING = YES;
				CLANG_WARN_BOOL_CONVERSION = YES;
				CLANG_WARN_COMMA = YES;
				CLANG_WARN_CONSTANT_CONVERSION = YES;
				CLANG_WARN_DEPRECATED_OBJC_IMPLEMENTATIONS = YES;
				CLANG_WARN_DIRECT_OBJC_ISA_USAGE = YES_ERROR;
				CLANG_WARN_DOCUMENTATION_COMMENTS = YES;
				CLANG_WARN_EMPTY_BODY = YES;
				CLANG_WARN_ENUM_CONVERSION = YES;
				CLANG_WARN_INFINITE_RECURSION = YES;
				CLANG_WARN_INT_CONVERSION = YES;
				CLANG_WARN_NON_LITERAL_NULL_CONVERSION = YES;
				CLANG_WARN_OBJC_IMPLICIT_RETAIN_SELF = YES;
				CLANG_WARN_OBJC_LITERAL_CONVERSION = YES;
				CLANG_WARN_OBJC_ROOT_CLASS = YES_ERROR;
				CLANG_WARN_QUOTED_INCLUDE_IN_FRAMEWORK_HEADER = YES;
				CLANG_WARN_RANGE_LOOP_ANALYSIS = YES;
				CLANG_WARN_STRICT_PROTOTYPES = YES;
				CLANG_WARN_SUSPICIOUS_MOVE = YES;
				CLANG_WARN_UNGUARDED_AVAILABILITY = YES_AGGRESSIVE;
				CLANG_WARN_UNREACHABLE_CODE = YES;
				CLANG_WARN__DUPLICATE_METHOD_MATCH = YES;
				COPY_PHASE_STRIP = NO;
				DEBUG_INFORMATION_FORMAT = "dwarf-with-dsym";
				ENABLE_NS_ASSERTIONS = NO;
				ENABLE_STRICT_OBJC_MSGSEND = YES;
				GCC_C_LANGUAGE_STANDARD = gnu11;
				GCC_NO_COMMON_BLOCKS = YES;
				GCC_WARN_64_TO_32_BIT_CONVERSION = YES;
				GCC_WARN_ABOUT_RETURN_TYPE = YES_ERROR;
				GCC_WARN_UNDECLARED_SELECTOR = YES;
				GCC_WARN_UNINITIALIZED_AUTOS = YES_AGGRESSIVE;
				GCC_WARN_UNUSED_FUNCTION = YES;
				GCC_WARN_UNUSED_VARIABLE = YES;
				IPHONEOS_DEPLOYMENT_TARGET = 16.1;
				MTL_ENABLE_DEBUG_INFO = NO;
				MTL_FAST_MATH = YES;
				SDKROOT = iphoneos;
				SWIFT_COMPILATION_MODE = wholemodule;
				SWIFT_OPTIMIZATION_LEVEL = "-O";
				VALIDATE_PRODUCT = YES;
			};
			name = Release;
		};
		56434B512921428F0063AEF5 /* Debug */ = {
			isa = XCBuildConfiguration;
			buildSettings = {
				ASSETCATALOG_COMPILER_APPICON_NAME = AppIcon;
				ASSETCATALOG_COMPILER_GLOBAL_ACCENT_COLOR_NAME = AccentColor;
				CODE_SIGN_STYLE = Automatic;
				CURRENT_PROJECT_VERSION = 1;
				DEVELOPMENT_ASSET_PATHS = "\"blendy/Preview Content\"";
				ENABLE_PREVIEWS = YES;
				GENERATE_INFOPLIST_FILE = YES;
				INFOPLIST_KEY_UIApplicationSceneManifest_Generation = YES;
				INFOPLIST_KEY_UIApplicationSupportsIndirectInputEvents = YES;
				INFOPLIST_KEY_UILaunchScreen_Generation = YES;
				INFOPLIST_KEY_UISupportedInterfaceOrientations_iPad = "UIInterfaceOrientationPortrait UIInterfaceOrientationPortraitUpsideDown UIInterfaceOrientationLandscapeLeft UIInterfaceOrientationLandscapeRight";
				INFOPLIST_KEY_UISupportedInterfaceOrientations_iPhone = "UIInterfaceOrientationPortrait UIInterfaceOrientationLandscapeLeft UIInterfaceOrientationLandscapeRight";
				LD_RUNPATH_SEARCH_PATHS = (
					"$(inherited)",
					"@executable_path/Frameworks",
				);
				MARKETING_VERSION = 1.0;
				PRODUCT_BUNDLE_IDENTIFIER = be.ysmstudio.blendy;
				PRODUCT_NAME = "$(TARGET_NAME)";
				SWIFT_EMIT_LOC_STRINGS = YES;
				SWIFT_VERSION = 5.0;
				TARGETED_DEVICE_FAMILY = "1,2";
			};
			name = Debug;
		};
		56434B522921428F0063AEF5 /* Release */ = {
			isa = XCBuildConfiguration;
			buildSettings = {
				ASSETCATALOG_COMPILER_APPICON_NAME = AppIcon;
				ASSETCATALOG_COMPILER_GLOBAL_ACCENT_COLOR_NAME = AccentColor;
				CODE_SIGN_STYLE = Automatic;
				CURRENT_PROJECT_VERSION = 1;
				DEVELOPMENT_ASSET_PATHS = "\"blendy/Preview Content\"";
				ENABLE_PREVIEWS = YES;
				GENERATE_INFOPLIST_FILE = YES;
				INFOPLIST_KEY_UIApplicationSceneManifest_Generation = YES;
				INFOPLIST_KEY_UIApplicationSupportsIndirectInputEvents = YES;
				INFOPLIST_KEY_UILaunchScreen_Generation = YES;
				INFOPLIST_KEY_UISupportedInterfaceOrientations_iPad = "UIInterfaceOrientationPortrait UIInterfaceOrientationPortraitUpsideDown UIInterfaceOrientationLandscapeLeft UIInterfaceOrientationLandscapeRight";
				INFOPLIST_KEY_UISupportedInterfaceOrientations_iPhone = "UIInterfaceOrientationPortrait UIInterfaceOrientationLandscapeLeft UIInterfaceOrientationLandscapeRight";
				LD_RUNPATH_SEARCH_PATHS = (
					"$(inherited)",
					"@executable_path/Frameworks",
				);
				MARKETING_VERSION = 1.0;
				PRODUCT_BUNDLE_IDENTIFIER = be.ysmstudio.blendy;
				PRODUCT_NAME = "$(TARGET_NAME)";
				SWIFT_EMIT_LOC_STRINGS = YES;
				SWIFT_VERSION = 5.0;
				TARGETED_DEVICE_FAMILY = "1,2";
			};
			name = Release;
		};
		56434B542921428F0063AEF5 /* Debug */ = {
			isa = XCBuildConfiguration;
			buildSettings = {
				ALWAYS_EMBED_SWIFT_STANDARD_LIBRARIES = YES;
				BUNDLE_LOADER = "$(TEST_HOST)";
				CODE_SIGN_STYLE = Automatic;
				CURRENT_PROJECT_VERSION = 1;
				GENERATE_INFOPLIST_FILE = YES;
				IPHONEOS_DEPLOYMENT_TARGET = 16.1;
				MARKETING_VERSION = 1.0;
				PRODUCT_BUNDLE_IDENTIFIER = be.ysmstudio.blendyTests;
				PRODUCT_NAME = "$(TARGET_NAME)";
				SWIFT_EMIT_LOC_STRINGS = NO;
				SWIFT_VERSION = 5.0;
				TARGETED_DEVICE_FAMILY = "1,2";
				TEST_HOST = "$(BUILT_PRODUCTS_DIR)/blendy.app/$(BUNDLE_EXECUTABLE_FOLDER_PATH)/blendy";
			};
			name = Debug;
		};
		56434B552921428F0063AEF5 /* Release */ = {
			isa = XCBuildConfiguration;
			buildSettings = {
				ALWAYS_EMBED_SWIFT_STANDARD_LIBRARIES = YES;
				BUNDLE_LOADER = "$(TEST_HOST)";
				CODE_SIGN_STYLE = Automatic;
				CURRENT_PROJECT_VERSION = 1;
				GENERATE_INFOPLIST_FILE = YES;
				IPHONEOS_DEPLOYMENT_TARGET = 16.1;
				MARKETING_VERSION = 1.0;
				PRODUCT_BUNDLE_IDENTIFIER = be.ysmstudio.blendyTests;
				PRODUCT_NAME = "$(TARGET_NAME)";
				SWIFT_EMIT_LOC_STRINGS = NO;
				SWIFT_VERSION = 5.0;
				TARGETED_DEVICE_FAMILY = "1,2";
				TEST_HOST = "$(BUILT_PRODUCTS_DIR)/blendy.app/$(BUNDLE_EXECUTABLE_FOLDER_PATH)/blendy";
			};
			name = Release;
		};
		56434B572921428F0063AEF5 /* Debug */ = {
			isa = XCBuildConfiguration;
			buildSettings = {
				ALWAYS_EMBED_SWIFT_STANDARD_LIBRARIES = YES;
				CODE_SIGN_STYLE = Automatic;
				CURRENT_PROJECT_VERSION = 1;
				GENERATE_INFOPLIST_FILE = YES;
				MARKETING_VERSION = 1.0;
				PRODUCT_BUNDLE_IDENTIFIER = be.ysmstudio.blendyUITests;
				PRODUCT_NAME = "$(TARGET_NAME)";
				SWIFT_EMIT_LOC_STRINGS = NO;
				SWIFT_VERSION = 5.0;
				TARGETED_DEVICE_FAMILY = "1,2";
				TEST_TARGET_NAME = blendy;
			};
			name = Debug;
		};
		56434B582921428F0063AEF5 /* Release */ = {
			isa = XCBuildConfiguration;
			buildSettings = {
				ALWAYS_EMBED_SWIFT_STANDARD_LIBRARIES = YES;
				CODE_SIGN_STYLE = Automatic;
				CURRENT_PROJECT_VERSION = 1;
				GENERATE_INFOPLIST_FILE = YES;
				MARKETING_VERSION = 1.0;
				PRODUCT_BUNDLE_IDENTIFIER = be.ysmstudio.blendyUITests;
				PRODUCT_NAME = "$(TARGET_NAME)";
				SWIFT_EMIT_LOC_STRINGS = NO;
				SWIFT_VERSION = 5.0;
				TARGETED_DEVICE_FAMILY = "1,2";
				TEST_TARGET_NAME = blendy;
			};
			name = Release;
		};
/* End XCBuildConfiguration section */

/* Begin XCConfigurationList section */
		56434B272921428E0063AEF5 /* Build configuration list for PBXProject "blendy" */ = {
			isa = XCConfigurationList;
			buildConfigurations = (
				56434B4E2921428F0063AEF5 /* Debug */,
				56434B4F2921428F0063AEF5 /* Release */,
			);
			defaultConfigurationIsVisible = 0;
			defaultConfigurationName = Release;
		};
		56434B502921428F0063AEF5 /* Build configuration list for PBXNativeTarget "blendy" */ = {
			isa = XCConfigurationList;
			buildConfigurations = (
				56434B512921428F0063AEF5 /* Debug */,
				56434B522921428F0063AEF5 /* Release */,
			);
			defaultConfigurationIsVisible = 0;
			defaultConfigurationName = Release;
		};
		56434B532921428F0063AEF5 /* Build configuration list for PBXNativeTarget "blendyTests" */ = {
			isa = XCConfigurationList;
			buildConfigurations = (
				56434B542921428F0063AEF5 /* Debug */,
				56434B552921428F0063AEF5 /* Release */,
			);
			defaultConfigurationIsVisible = 0;
			defaultConfigurationName = Release;
		};
		56434B562921428F0063AEF5 /* Build configuration list for PBXNativeTarget "blendyUITests" */ = {
			isa = XCConfigurationList;
			buildConfigurations = (
				56434B572921428F0063AEF5 /* Debug */,
				56434B582921428F0063AEF5 /* Release */,
			);
			defaultConfigurationIsVisible = 0;
			defaultConfigurationName = Release;
		};
/* End XCConfigurationList section */
	};
	rootObject = 56434B242921428E0063AEF5 /* Project object */;
}
